
Microsoft Visual Studio Solution File, Format Version 12.00
# Visual Studio Version 16
VisualStudioVersion = 16.0.36631.11
MinimumVisualStudioVersion = 10.0.40219.1
Project("{FAE04EC0-301F-11D3-BF4B-00C04F79EFBC}") = "pharmacy management", "pharmacy management\pharmacy management.csproj", "{7310E637-2ED3-4C1C-AA2F-110BD20D5EC9}"
EndProject
Global
	GlobalSection(SolutionConfigurationPlatforms) = preSolution
		Debug|Any CPU = Debug|Any CPU
		Release|Any CPU = Release|Any CPU
	EndGlobalSection
	GlobalSection(ProjectConfigurationPlatforms) = postSolution
		{7310E637-2ED3-4C1C-AA2F-110BD20D5EC9}.Debug|Any CPU.ActiveCfg = Debug|Any CPU
		{7310E637-2ED3-4C1C-AA2F-110BD20D5EC9}.Debug|Any CPU.Build.0 = Debug|Any CPU
		{7310E637-2ED3-4C1C-AA2F-110BD20D5EC9}.Release|Any CPU.ActiveCfg = Release|Any CPU
		{7310E637-2ED3-4C1C-AA2F-110BD20D5EC9}.Release|Any CPU.Build.0 = Release|Any CPU
	EndGlobalSection
	GlobalSection(SolutionProperties) = preSolution
		HideSolutionNode = FALSE
	EndGlobalSection
	GlobalSection(ExtensibilityGlobals) = postSolution
		SolutionGuid = {283F971A-8C52-425E-8431-3B3F02858AE1}
	EndGlobalSection
EndGlobal
